
Microsoft Visual Studio Solution File, Format Version 12.00
# Visual Studio Version 17
VisualStudioVersion = 17.8.34601.278
MinimumVisualStudioVersion = 10.0.40219.1
Project("{9A19103F-16F7-4668-BE54-9A1E7A4F7556}") = "AutoRepairService", "AutoRepairService.csproj", "{91C5AFE9-B05E-4877-9DAB-775C7653FCFB}"
EndProject
Project("{9A19103F-16F7-4668-BE54-9A1E7A4F7556}") = "AutoRepairService.Core", "..\AutoRepairService.Core\AutoRepairService.Core.csproj", "{4D3DD4CD-11C1-44DF-9ECA-93C288DDC72C}"
EndProject
Project("{9A19103F-16F7-4668-BE54-9A1E7A4F7556}") = "AutoRepairService.Infrastructure", "..\AutoRepairService.Infrastructure\AutoRepairService.Infrastructure.csproj", "{8B1ABEB4-69D0-49BA-82EA-F37E9FE67F94}"
EndProject
Project("{FAE04EC0-301F-11D3-BF4B-00C04F79EFBC}") = "Skydiving.UnitTests", "..\Skydiving.UnitTests\Skydiving.UnitTests.csproj", "{23EA0E40-8059-470A-85A3-68B7F113D7CD}"
EndProject
Global
	GlobalSection(SolutionConfigurationPlatforms) = preSolution
		Debug|Any CPU = Debug|Any CPU
		Release|Any CPU = Release|Any CPU
	EndGlobalSection
	GlobalSection(ProjectConfigurationPlatforms) = postSolution
		{91C5AFE9-B05E-4877-9DAB-775C7653FCFB}.Debug|Any CPU.ActiveCfg = Debug|Any CPU
		{91C5AFE9-B05E-4877-9DAB-775C7653FCFB}.Debug|Any CPU.Build.0 = Debug|Any CPU
		{91C5AFE9-B05E-4877-9DAB-775C7653FCFB}.Release|Any CPU.ActiveCfg = Release|Any CPU
		{91C5AFE9-B05E-4877-9DAB-775C7653FCFB}.Release|Any CPU.Build.0 = Release|Any CPU
		{4D3DD4CD-11C1-44DF-9ECA-93C288DDC72C}.Debug|Any CPU.ActiveCfg = Debug|Any CPU
		{4D3DD4CD-11C1-44DF-9ECA-93C288DDC72C}.Debug|Any CPU.Build.0 = Debug|Any CPU
		{4D3DD4CD-11C1-44DF-9ECA-93C288DDC72C}.Release|Any CPU.ActiveCfg = Release|Any CPU
		{4D3DD4CD-11C1-44DF-9ECA-93C288DDC72C}.Release|Any CPU.Build.0 = Release|Any CPU
		{8B1ABEB4-69D0-49BA-82EA-F37E9FE67F94}.Debug|Any CPU.ActiveCfg = Debug|Any CPU
		{8B1ABEB4-69D0-49BA-82EA-F37E9FE67F94}.Debug|Any CPU.Build.0 = Debug|Any CPU
		{8B1ABEB4-69D0-49BA-82EA-F37E9FE67F94}.Release|Any CPU.ActiveCfg = Release|Any CPU
		{8B1ABEB4-69D0-49BA-82EA-F37E9FE67F94}.Release|Any CPU.Build.0 = Release|Any CPU
		{23EA0E40-8059-470A-85A3-68B7F113D7CD}.Debug|Any CPU.ActiveCfg = Debug|Any CPU
		{23EA0E40-8059-470A-85A3-68B7F113D7CD}.Debug|Any CPU.Build.0 = Debug|Any CPU
		{23EA0E40-8059-470A-85A3-68B7F113D7CD}.Release|Any CPU.ActiveCfg = Release|Any CPU
		{23EA0E40-8059-470A-85A3-68B7F113D7CD}.Release|Any CPU.Build.0 = Release|Any CPU
	EndGlobalSection
	GlobalSection(SolutionProperties) = preSolution
		HideSolutionNode = FALSE
	EndGlobalSection
	GlobalSection(ExtensibilityGlobals) = postSolution
		SolutionGuid = {74A41528-AE72-402C-95B4-5211B9940998}
	EndGlobalSection
EndGlobal
